
Microsoft Visual Studio Solution File, Format Version 12.00
# Visual Studio Version 16
VisualStudioVersion = 16.0.810.8
MinimumVisualStudioVersion = 10.0.40219.1
Project("{FAE04EC0-301F-11D3-BF4B-00C04F79EFBC}") = "seminar1510.2", "seminar1510.2\seminar1510.2.csproj", "{38F39A89-B4E7-48BA-AC13-752800B47767}"
EndProject
Global
	GlobalSection(SolutionConfigurationPlatforms) = preSolution
		Debug|Any CPU = Debug|Any CPU
		Release|Any CPU = Release|Any CPU
	EndGlobalSection
	GlobalSection(ProjectConfigurationPlatforms) = postSolution
		{38F39A89-B4E7-48BA-AC13-752800B47767}.Debug|Any CPU.ActiveCfg = Debug|Any CPU
		{38F39A89-B4E7-48BA-AC13-752800B47767}.Debug|Any CPU.Build.0 = Debug|Any CPU
		{38F39A89-B4E7-48BA-AC13-752800B47767}.Release|Any CPU.ActiveCfg = Release|Any CPU
		{38F39A89-B4E7-48BA-AC13-752800B47767}.Release|Any CPU.Build.0 = Release|Any CPU
	EndGlobalSection
	GlobalSection(SolutionProperties) = preSolution
		HideSolutionNode = FALSE
	EndGlobalSection
	GlobalSection(ExtensibilityGlobals) = postSolution
		SolutionGuid = {8D611D71-F7FF-4DF8-9D5D-AD326902C68C}
	EndGlobalSection
EndGlobal
